// !$*UTF8*$!
{
	archiveVersion = 1;
	classes = {
	};
	objectVersion = 55;
	objects = {

/* Begin PBXBuildFile section */
		FE47D3762940C82600ACDD85 /* AppDelegate.swift in Sources */ = {isa = PBXBuildFile; fileRef = FE47D3752940C82600ACDD85 /* AppDelegate.swift */; };
		FE47D3782940C82600ACDD85 /* SceneDelegate.swift in Sources */ = {isa = PBXBuildFile; fileRef = FE47D3772940C82600ACDD85 /* SceneDelegate.swift */; };
		FE47D37A2940C82600ACDD85 /* ListViewController.swift in Sources */ = {isa = PBXBuildFile; fileRef = FE47D3792940C82600ACDD85 /* ListViewController.swift */; };
		FE47D37D2940C82600ACDD85 /* Main.storyboard in Resources */ = {isa = PBXBuildFile; fileRef = FE47D37B2940C82600ACDD85 /* Main.storyboard */; };
		FE47D37F2940C82A00ACDD85 /* Assets.xcassets in Resources */ = {isa = PBXBuildFile; fileRef = FE47D37E2940C82A00ACDD85 /* Assets.xcassets */; };
		FE47D3822940C82A00ACDD85 /* LaunchScreen.storyboard in Resources */ = {isa = PBXBuildFile; fileRef = FE47D3802940C82A00ACDD85 /* LaunchScreen.storyboard */; };
		FE47D38D2940C82B00ACDD85 /* CICDDemo.swift in Sources */ = {isa = PBXBuildFile; fileRef = FE47D38C2940C82B00ACDD85 /* CICDDemo.swift */; };
		FE47D3972940C82B00ACDD85 /* CIDemoUITests.swift in Sources */ = {isa = PBXBuildFile; fileRef = FE47D3962940C82B00ACDD85 /* CIDemoUITests.swift */; };
		FE47D3992940C82B00ACDD85 /* CIDemoUITestsLaunchTests.swift in Sources */ = {isa = PBXBuildFile; fileRef = FE47D3982940C82B00ACDD85 /* CIDemoUITestsLaunchTests.swift */; };
/* End PBXBuildFile section */

/* Begin PBXContainerItemProxy section */
		FE47D3892940C82B00ACDD85 /* PBXContainerItemProxy */ = {
			isa = PBXContainerItemProxy;
			containerPortal = FE47D36A2940C82600ACDD85 /* Project object */;
			proxyType = 1;
			remoteGlobalIDString = FE47D3712940C82600ACDD85;
			remoteInfo = FirstCIDemo;
		};
		FE47D3932940C82B00ACDD85 /* PBXContainerItemProxy */ = {
			isa = PBXContainerItemProxy;
			containerPortal = FE47D36A2940C82600ACDD85 /* Project object */;
			proxyType = 1;
			remoteGlobalIDString = FE47D3712940C82600ACDD85;
			remoteInfo = FirstCIDemo;
		};
/* End PBXContainerItemProxy section */

/* Begin PBXFileReference section */
		FE47D3722940C82600ACDD85 /* CICDDemo.app */ = {isa = PBXFileReference; explicitFileType = wrapper.application; includeInIndex = 0; path = CICDDemo.app; sourceTree = BUILT_PRODUCTS_DIR; };
		FE47D3752940C82600ACDD85 /* AppDelegate.swift */ = {isa = PBXFileReference; lastKnownFileType = sourcecode.swift; path = AppDelegate.swift; sourceTree = "<group>"; };
		FE47D3772940C82600ACDD85 /* SceneDelegate.swift */ = {isa = PBXFileReference; lastKnownFileType = sourcecode.swift; path = SceneDelegate.swift; sourceTree = "<group>"; };
		FE47D3792940C82600ACDD85 /* ListViewController.swift */ = {isa = PBXFileReference; lastKnownFileType = sourcecode.swift; path = ListViewController.swift; sourceTree = "<group>"; };
		FE47D37C2940C82600ACDD85 /* Base */ = {isa = PBXFileReference; lastKnownFileType = file.storyboard; name = Base; path = Base.lproj/Main.storyboard; sourceTree = "<group>"; };
		FE47D37E2940C82A00ACDD85 /* Assets.xcassets */ = {isa = PBXFileReference; lastKnownFileType = folder.assetcatalog; path = Assets.xcassets; sourceTree = "<group>"; };
		FE47D3812940C82A00ACDD85 /* Base */ = {isa = PBXFileReference; lastKnownFileType = file.storyboard; name = Base; path = Base.lproj/LaunchScreen.storyboard; sourceTree = "<group>"; };
		FE47D3832940C82A00ACDD85 /* Info.plist */ = {isa = PBXFileReference; lastKnownFileType = text.plist.xml; path = Info.plist; sourceTree = "<group>"; };
		FE47D3882940C82B00ACDD85 /* CICDDemoTests.xctest */ = {isa = PBXFileReference; explicitFileType = wrapper.cfbundle; includeInIndex = 0; path = CICDDemoTests.xctest; sourceTree = BUILT_PRODUCTS_DIR; };
		FE47D38C2940C82B00ACDD85 /* CICDDemo.swift */ = {isa = PBXFileReference; lastKnownFileType = sourcecode.swift; path = CICDDemo.swift; sourceTree = "<group>"; };
		FE47D3922940C82B00ACDD85 /* CICDDemoUITests.xctest */ = {isa = PBXFileReference; explicitFileType = wrapper.cfbundle; includeInIndex = 0; path = CICDDemoUITests.xctest; sourceTree = BUILT_PRODUCTS_DIR; };
		FE47D3962940C82B00ACDD85 /* CIDemoUITests.swift */ = {isa = PBXFileReference; lastKnownFileType = sourcecode.swift; path = CIDemoUITests.swift; sourceTree = "<group>"; };
		FE47D3982940C82B00ACDD85 /* CIDemoUITestsLaunchTests.swift */ = {isa = PBXFileReference; lastKnownFileType = sourcecode.swift; path = CIDemoUITestsLaunchTests.swift; sourceTree = "<group>"; };
/* End PBXFileReference section */

/* Begin PBXFrameworksBuildPhase section */
		FE47D36F2940C82600ACDD85 /* Frameworks */ = {
			isa = PBXFrameworksBuildPhase;
			buildActionMask = 2147483647;
			files = (
			);
			runOnlyForDeploymentPostprocessing = 0;
		};
		FE47D3852940C82B00ACDD85 /* Frameworks */ = {
			isa = PBXFrameworksBuildPhase;
			buildActionMask = 2147483647;
			files = (
			);
			runOnlyForDeploymentPostprocessing = 0;
		};
		FE47D38F2940C82B00ACDD85 /* Frameworks */ = {
			isa = PBXFrameworksBuildPhase;
			buildActionMask = 2147483647;
			files = (
			);
			runOnlyForDeploymentPostprocessing = 0;
		};
/* End PBXFrameworksBuildPhase section */

/* Begin PBXGroup section */
		FE47D3692940C82600ACDD85 = {
			isa = PBXGroup;
			children = (
				FE47D3742940C82600ACDD85 /* FirstCIDemo */,
				FE47D38B2940C82B00ACDD85 /* FirstCIDemoTests */,
				FE47D3952940C82B00ACDD85 /* FirstCIDemoUITests */,
				FE47D3732940C82600ACDD85 /* Products */,
			);
			sourceTree = "<group>";
		};
		FE47D3732940C82600ACDD85 /* Products */ = {
			isa = PBXGroup;
			children = (
				FE47D3722940C82600ACDD85 /* CICDDemo.app */,
				FE47D3882940C82B00ACDD85 /* CICDDemoTests.xctest */,
				FE47D3922940C82B00ACDD85 /* CICDDemoUITests.xctest */,
			);
			name = Products;
			sourceTree = "<group>";
		};
		FE47D3742940C82600ACDD85 /* FirstCIDemo */ = {
			isa = PBXGroup;
			children = (
				FE47D3752940C82600ACDD85 /* AppDelegate.swift */,
				FE47D3772940C82600ACDD85 /* SceneDelegate.swift */,
				FE47D3792940C82600ACDD85 /* ListViewController.swift */,
				FE47D37B2940C82600ACDD85 /* Main.storyboard */,
				FE47D37E2940C82A00ACDD85 /* Assets.xcassets */,
				FE47D3802940C82A00ACDD85 /* LaunchScreen.storyboard */,
				FE47D3832940C82A00ACDD85 /* Info.plist */,
			);
			path = FirstCIDemo;
			sourceTree = "<group>";
		};
		FE47D38B2940C82B00ACDD85 /* FirstCIDemoTests */ = {
			isa = PBXGroup;
			children = (
				FE47D38C2940C82B00ACDD85 /* CICDDemo.swift */,
			);
			path = FirstCIDemoTests;
			sourceTree = "<group>";
		};
		FE47D3952940C82B00ACDD85 /* FirstCIDemoUITests */ = {
			isa = PBXGroup;
			children = (
				FE47D3962940C82B00ACDD85 /* CIDemoUITests.swift */,
				FE47D3982940C82B00ACDD85 /* CIDemoUITestsLaunchTests.swift */,
			);
			path = FirstCIDemoUITests;
			sourceTree = "<group>";
		};
/* End PBXGroup section */

/* Begin PBXNativeTarget section */
		FE47D3712940C82600ACDD85 /* CICDDemo */ = {
			isa = PBXNativeTarget;
			buildConfigurationList = FE47D39C2940C82B00ACDD85 /* Build configuration list for PBXNativeTarget "CICDDemo" */;
			buildPhases = (
				FE47D36E2940C82600ACDD85 /* Sources */,
				FE47D36F2940C82600ACDD85 /* Frameworks */,
				FE47D3702940C82600ACDD85 /* Resources */,
			);
			buildRules = (
			);
			dependencies = (
			);
			name = CICDDemo;
			productName = FirstCIDemo;
			productReference = FE47D3722940C82600ACDD85 /* CICDDemo.app */;
			productType = "com.apple.product-type.application";
		};
		FE47D3872940C82B00ACDD85 /* CICDDemoTests */ = {
			isa = PBXNativeTarget;
			buildConfigurationList = FE47D39F2940C82B00ACDD85 /* Build configuration list for PBXNativeTarget "CICDDemoTests" */;
			buildPhases = (
				FE47D3842940C82B00ACDD85 /* Sources */,
				FE47D3852940C82B00ACDD85 /* Frameworks */,
				FE47D3862940C82B00ACDD85 /* Resources */,
			);
			buildRules = (
			);
			dependencies = (
				FE47D38A2940C82B00ACDD85 /* PBXTargetDependency */,
			);
			name = CICDDemoTests;
			productName = FirstCIDemoTests;
			productReference = FE47D3882940C82B00ACDD85 /* CICDDemoTests.xctest */;
			productType = "com.apple.product-type.bundle.unit-test";
		};
		FE47D3912940C82B00ACDD85 /* CICDDemoUITests */ = {
			isa = PBXNativeTarget;
			buildConfigurationList = FE47D3A22940C82B00ACDD85 /* Build configuration list for PBXNativeTarget "CICDDemoUITests" */;
			buildPhases = (
				FE47D38E2940C82B00ACDD85 /* Sources */,
				FE47D38F2940C82B00ACDD85 /* Frameworks */,
				FE47D3902940C82B00ACDD85 /* Resources */,
			);
			buildRules = (
			);
			dependencies = (
				FE47D3942940C82B00ACDD85 /* PBXTargetDependency */,
			);
			name = CICDDemoUITests;
			productName = FirstCIDemoUITests;
			productReference = FE47D3922940C82B00ACDD85 /* CICDDemoUITests.xctest */;
			productType = "com.apple.product-type.bundle.ui-testing";
		};
/* End PBXNativeTarget section */

/* Begin PBXProject section */
		FE47D36A2940C82600ACDD85 /* Project object */ = {
			isa = PBXProject;
			attributes = {
				BuildIndependentTargetsInParallel = 1;
				LastSwiftUpdateCheck = 1320;
				LastUpgradeCheck = 1320;
				TargetAttributes = {
					FE47D3712940C82600ACDD85 = {
						CreatedOnToolsVersion = 13.2.1;
					};
					FE47D3872940C82B00ACDD85 = {
						CreatedOnToolsVersion = 13.2.1;
						TestTargetID = FE47D3712940C82600ACDD85;
					};
					FE47D3912940C82B00ACDD85 = {
						CreatedOnToolsVersion = 13.2.1;
						TestTargetID = FE47D3712940C82600ACDD85;
					};
				};
			};
			buildConfigurationList = FE47D36D2940C82600ACDD85 /* Build configuration list for PBXProject "CICDDemo" */;
			compatibilityVersion = "Xcode 13.0";
			developmentRegion = en;
			hasScannedForEncodings = 0;
			knownRegions = (
				en,
				Base,
			);
			mainGroup = FE47D3692940C82600ACDD85;
			productRefGroup = FE47D3732940C82600ACDD85 /* Products */;
			projectDirPath = "";
			projectRoot = "";
			targets = (
				FE47D3712940C82600ACDD85 /* CICDDemo */,
				FE47D3872940C82B00ACDD85 /* CICDDemoTests */,
				FE47D3912940C82B00ACDD85 /* CICDDemoUITests */,
			);
		};
/* End PBXProject section */

/* Begin PBXResourcesBuildPhase section */
		FE47D3702940C82600ACDD85 /* Resources */ = {
			isa = PBXResourcesBuildPhase;
			buildActionMask = 2147483647;
			files = (
				FE47D3822940C82A00ACDD85 /* LaunchScreen.storyboard in Resources */,
				FE47D37F2940C82A00ACDD85 /* Assets.xcassets in Resources */,
				FE47D37D2940C82600ACDD85 /* Main.storyboard in Resources */,
			);
			runOnlyForDeploymentPostprocessing = 0;
		};
		FE47D3862940C82B00ACDD85 /* Resources */ = {
			isa = PBXResourcesBuildPhase;
			buildActionMask = 2147483647;
			files = (
			);
			runOnlyForDeploymentPostprocessing = 0;
		};
		FE47D3902940C82B00ACDD85 /* Resources */ = {
			isa = PBXResourcesBuildPhase;
			buildActionMask = 2147483647;
			files = (
			);
			runOnlyForDeploymentPostprocessing = 0;
		};
/* End PBXResourcesBuildPhase section */

/* Begin PBXSourcesBuildPhase section */
		FE47D36E2940C82600ACDD85 /* Sources */ = {
			isa = PBXSourcesBuildPhase;
			buildActionMask = 2147483647;
			files = (
				FE47D37A2940C82600ACDD85 /* ListViewController.swift in Sources */,
				FE47D3762940C82600ACDD85 /* AppDelegate.swift in Sources */,
				FE47D3782940C82600ACDD85 /* SceneDelegate.swift in Sources */,
			);
			runOnlyForDeploymentPostprocessing = 0;
		};
		FE47D3842940C82B00ACDD85 /* Sources */ = {
			isa = PBXSourcesBuildPhase;
			buildActionMask = 2147483647;
			files = (
				FE47D38D2940C82B00ACDD85 /* CICDDemo.swift in Sources */,
			);
			runOnlyForDeploymentPostprocessing = 0;
		};
		FE47D38E2940C82B00ACDD85 /* Sources */ = {
			isa = PBXSourcesBuildPhase;
			buildActionMask = 2147483647;
			files = (
				FE47D3992940C82B00ACDD85 /* CIDemoUITestsLaunchTests.swift in Sources */,
				FE47D3972940C82B00ACDD85 /* CIDemoUITests.swift in Sources */,
			);
			runOnlyForDeploymentPostprocessing = 0;
		};
/* End PBXSourcesBuildPhase section */

/* Begin PBXTargetDependency section */
		FE47D38A2940C82B00ACDD85 /* PBXTargetDependency */ = {
			isa = PBXTargetDependency;
			target = FE47D3712940C82600ACDD85 /* CICDDemo */;
			targetProxy = FE47D3892940C82B00ACDD85 /* PBXContainerItemProxy */;
		};
		FE47D3942940C82B00ACDD85 /* PBXTargetDependency */ = {
			isa = PBXTargetDependency;
			target = FE47D3712940C82600ACDD85 /* CICDDemo */;
			targetProxy = FE47D3932940C82B00ACDD85 /* PBXContainerItemProxy */;
		};
/* End PBXTargetDependency section */

/* Begin PBXVariantGroup section */
		FE47D37B2940C82600ACDD85 /* Main.storyboard */ = {
			isa = PBXVariantGroup;
			children = (
				FE47D37C2940C82600ACDD85 /* Base */,
			);
			name = Main.storyboard;
			sourceTree = "<group>";
		};
		FE47D3802940C82A00ACDD85 /* LaunchScreen.storyboard */ = {
			isa = PBXVariantGroup;
			children = (
				FE47D3812940C82A00ACDD85 /* Base */,
			);
			name = LaunchScreen.storyboard;
			sourceTree = "<group>";
		};
/* End PBXVariantGroup section */

/* Begin XCBuildConfiguration section */
		FE47D39A2940C82B00ACDD85 /* Debug */ = {
			isa = XCBuildConfiguration;
			buildSettings = {
				ALWAYS_SEARCH_USER_PATHS = NO;
				CLANG_ANALYZER_NONNULL = YES;
				CLANG_ANALYZER_NUMBER_OBJECT_CONVERSION = YES_AGGRESSIVE;
				CLANG_CXX_LANGUAGE_STANDARD = "gnu++17";
				CLANG_CXX_LIBRARY = "libc++";
				CLANG_ENABLE_MODULES = YES;
				CLANG_ENABLE_OBJC_ARC = YES;
				CLANG_ENABLE_OBJC_WEAK = YES;
				CLANG_WARN_BLOCK_CAPTURE_AUTORELEASING = YES;
				CLANG_WARN_BOOL_CONVERSION = YES;
				CLANG_WARN_COMMA = YES;
				CLANG_WARN_CONSTANT_CONVERSION = YES;
				CLANG_WARN_DEPRECATED_OBJC_IMPLEMENTATIONS = YES;
				CLANG_WARN_DIRECT_OBJC_ISA_USAGE = YES_ERROR;
				CLANG_WARN_DOCUMENTATION_COMMENTS = YES;
				CLANG_WARN_EMPTY_BODY = YES;
				CLANG_WARN_ENUM_CONVERSION = YES;
				CLANG_WARN_INFINITE_RECURSION = YES;
				CLANG_WARN_INT_CONVERSION = YES;
				CLANG_WARN_NON_LITERAL_NULL_CONVERSION = YES;
				CLANG_WARN_OBJC_IMPLICIT_RETAIN_SELF = YES;
				CLANG_WARN_OBJC_LITERAL_CONVERSION = YES;
				CLANG_WARN_OBJC_ROOT_CLASS = YES_ERROR;
				CLANG_WARN_QUOTED_INCLUDE_IN_FRAMEWORK_HEADER = YES;
				CLANG_WARN_RANGE_LOOP_ANALYSIS = YES;
				CLANG_WARN_STRICT_PROTOTYPES = YES;
				CLANG_WARN_SUSPICIOUS_MOVE = YES;
				CLANG_WARN_UNGUARDED_AVAILABILITY = YES_AGGRESSIVE;
				CLANG_WARN_UNREACHABLE_CODE = YES;
				CLANG_WARN__DUPLICATE_METHOD_MATCH = YES;
				COPY_PHASE_STRIP = NO;
				DEBUG_INFORMATION_FORMAT = dwarf;
				ENABLE_STRICT_OBJC_MSGSEND = YES;
				ENABLE_TESTABILITY = YES;
				GCC_C_LANGUAGE_STANDARD = gnu11;
				GCC_DYNAMIC_NO_PIC = NO;
				GCC_NO_COMMON_BLOCKS = YES;
				GCC_OPTIMIZATION_LEVEL = 0;
				GCC_PREPROCESSOR_DEFINITIONS = (
					"DEBUG=1",
					"$(inherited)",
				);
				GCC_WARN_64_TO_32_BIT_CONVERSION = YES;
				GCC_WARN_ABOUT_RETURN_TYPE = YES_ERROR;
				GCC_WARN_UNDECLARED_SELECTOR = YES;
				GCC_WARN_UNINITIALIZED_AUTOS = YES_AGGRESSIVE;
				GCC_WARN_UNUSED_FUNCTION = YES;
				GCC_WARN_UNUSED_VARIABLE = YES;
				IPHONEOS_DEPLOYMENT_TARGET = 15.2;
				MTL_ENABLE_DEBUG_INFO = INCLUDE_SOURCE;
				MTL_FAST_MATH = YES;
				ONLY_ACTIVE_ARCH = YES;
				SDKROOT = iphoneos;
				SWIFT_ACTIVE_COMPILATION_CONDITIONS = DEBUG;
				SWIFT_OPTIMIZATION_LEVEL = "-Onone";
			};
			name = Debug;
		};
		FE47D39B2940C82B00ACDD85 /* Release */ = {
			isa = XCBuildConfiguration;
			buildSettings = {
				ALWAYS_SEARCH_USER_PATHS = NO;
				CLANG_ANALYZER_NONNULL = YES;
				CLANG_ANALYZER_NUMBER_OBJECT_CONVERSION = YES_AGGRESSIVE;
				CLANG_CXX_LANGUAGE_STANDARD = "gnu++17";
				CLANG_CXX_LIBRARY = "libc++";
				CLANG_ENABLE_MODULES = YES;
				CLANG_ENABLE_OBJC_ARC = YES;
				CLANG_ENABLE_OBJC_WEAK = YES;
				CLANG_WARN_BLOCK_CAPTURE_AUTORELEASING = YES;
				CLANG_WARN_BOOL_CONVERSION = YES;
				CLANG_WARN_COMMA = YES;
				CLANG_WARN_CONSTANT_CONVERSION = YES;
				CLANG_WARN_DEPRECATED_OBJC_IMPLEMENTATIONS = YES;
				CLANG_WARN_DIRECT_OBJC_ISA_USAGE = YES_ERROR;
				CLANG_WARN_DOCUMENTATION_COMMENTS = YES;
				CLANG_WARN_EMPTY_BODY = YES;
				CLANG_WARN_ENUM_CONVERSION = YES;
				CLANG_WARN_INFINITE_RECURSION = YES;
				CLANG_WARN_INT_CONVERSION = YES;
				CLANG_WARN_NON_LITERAL_NULL_CONVERSION = YES;
				CLANG_WARN_OBJC_IMPLICIT_RETAIN_SELF = YES;
				CLANG_WARN_OBJC_LITERAL_CONVERSION = YES;
				CLANG_WARN_OBJC_ROOT_CLASS = YES_ERROR;
				CLANG_WARN_QUOTED_INCLUDE_IN_FRAMEWORK_HEADER = YES;
				CLANG_WARN_RANGE_LOOP_ANALYSIS = YES;
				CLANG_WARN_STRICT_PROTOTYPES = YES;
				CLANG_WARN_SUSPICIOUS_MOVE = YES;
				CLANG_WARN_UNGUARDED_AVAILABILITY = YES_AGGRESSIVE;
				CLANG_WARN_UNREACHABLE_CODE = YES;
				CLANG_WARN__DUPLICATE_METHOD_MATCH = YES;
				COPY_PHASE_STRIP = NO;
				DEBUG_INFORMATION_FORMAT = "dwarf-with-dsym";
				ENABLE_NS_ASSERTIONS = NO;
				ENABLE_STRICT_OBJC_MSGSEND = YES;
				GCC_C_LANGUAGE_STANDARD = gnu11;
				GCC_NO_COMMON_BLOCKS = YES;
				GCC_WARN_64_TO_32_BIT_CONVERSION = YES;
				GCC_WARN_ABOUT_RETURN_TYPE = YES_ERROR;
				GCC_WARN_UNDECLARED_SELECTOR = YES;
				GCC_WARN_UNINITIALIZED_AUTOS = YES_AGGRESSIVE;
				GCC_WARN_UNUSED_FUNCTION = YES;
				GCC_WARN_UNUSED_VARIABLE = YES;
				IPHONEOS_DEPLOYMENT_TARGET = 15.2;
				MTL_ENABLE_DEBUG_INFO = NO;
				MTL_FAST_MATH = YES;
				SDKROOT = iphoneos;
				SWIFT_COMPILATION_MODE = wholemodule;
				SWIFT_OPTIMIZATION_LEVEL = "-O";
				VALIDATE_PRODUCT = YES;
			};
			name = Release;
		};
		FE47D39D2940C82B00ACDD85 /* Debug */ = {
			isa = XCBuildConfiguration;
			buildSettings = {
				ASSETCATALOG_COMPILER_APPICON_NAME = AppIcon;
				ASSETCATALOG_COMPILER_GLOBAL_ACCENT_COLOR_NAME = AccentColor;
				CODE_SIGN_STYLE = Automatic;
				CURRENT_PROJECT_VERSION = 1;
				DEVELOPMENT_TEAM = FG6KAZ6YHP;
				ENABLE_BITCODE = NO;
				GENERATE_INFOPLIST_FILE = YES;
				INFOPLIST_FILE = FirstCIDemo/Info.plist;
				INFOPLIST_KEY_UIApplicationSupportsIndirectInputEvents = YES;
				INFOPLIST_KEY_UILaunchStoryboardName = LaunchScreen;
				INFOPLIST_KEY_UIMainStoryboardFile = Main;
				INFOPLIST_KEY_UISupportedInterfaceOrientations_iPad = "UIInterfaceOrientationPortrait UIInterfaceOrientationPortraitUpsideDown UIInterfaceOrientationLandscapeLeft UIInterfaceOrientationLandscapeRight";
				INFOPLIST_KEY_UISupportedInterfaceOrientations_iPhone = "UIInterfaceOrientationPortrait UIInterfaceOrientationLandscapeLeft UIInterfaceOrientationLandscapeRight";
				LD_RUNPATH_SEARCH_PATHS = (
					"$(inherited)",
					"@executable_path/Frameworks",
				);
				MARKETING_VERSION = 1.0;
				PRODUCT_BUNDLE_IDENTIFIER = com.blueIon.ios.FirstCIDemo;
				PRODUCT_NAME = "$(TARGET_NAME)";
				SWIFT_EMIT_LOC_STRINGS = YES;
				SWIFT_VERSION = 5.0;
				TARGETED_DEVICE_FAMILY = 2;
			};
			name = Debug;
		};
		FE47D39E2940C82B00ACDD85 /* Release */ = {
			isa = XCBuildConfiguration;
			buildSettings = {
				ASSETCATALOG_COMPILER_APPICON_NAME = AppIcon;
				ASSETCATALOG_COMPILER_GLOBAL_ACCENT_COLOR_NAME = AccentColor;
				CODE_SIGN_STYLE = Automatic;
				CURRENT_PROJECT_VERSION = 1;
				DEVELOPMENT_TEAM = FG6KAZ6YHP;
				ENABLE_BITCODE = NO;
				GENERATE_INFOPLIST_FILE = YES;
				INFOPLIST_FILE = FirstCIDemo/Info.plist;
				INFOPLIST_KEY_UIApplicationSupportsIndirectInputEvents = YES;
				INFOPLIST_KEY_UILaunchStoryboardName = LaunchScreen;
				INFOPLIST_KEY_UIMainStoryboardFile = Main;
				INFOPLIST_KEY_UISupportedInterfaceOrientations_iPad = "UIInterfaceOrientationPortrait UIInterfaceOrientationPortraitUpsideDown UIInterfaceOrientationLandscapeLeft UIInterfaceOrientationLandscapeRight";
				INFOPLIST_KEY_UISupportedInterfaceOrientations_iPhone = "UIInterfaceOrientationPortrait UIInterfaceOrientationLandscapeLeft UIInterfaceOrientationLandscapeRight";
				LD_RUNPATH_SEARCH_PATHS = (
					"$(inherited)",
					"@executable_path/Frameworks",
				);
				MARKETING_VERSION = 1.0;
				PRODUCT_BUNDLE_IDENTIFIER = com.blueIon.ios.FirstCIDemo;
				PRODUCT_NAME = "$(TARGET_NAME)";
				SWIFT_EMIT_LOC_STRINGS = YES;
				SWIFT_VERSION = 5.0;
				TARGETED_DEVICE_FAMILY = 2;
			};
			name = Release;
		};
		FE47D3A02940C82B00ACDD85 /* Debug */ = {
			isa = XCBuildConfiguration;
			buildSettings = {
				ALWAYS_EMBED_SWIFT_STANDARD_LIBRARIES = YES;
				BUNDLE_LOADER = "$(TEST_HOST)";
				CODE_SIGN_STYLE = Automatic;
				CURRENT_PROJECT_VERSION = 1;
				DEVELOPMENT_TEAM = FG6KAZ6YHP;
				GENERATE_INFOPLIST_FILE = YES;
				IPHONEOS_DEPLOYMENT_TARGET = 15.2;
				MARKETING_VERSION = 1.0;
				PRODUCT_BUNDLE_IDENTIFIER = com.blueIon.ios.FirstCIDemoTests;
				PRODUCT_NAME = "$(TARGET_NAME)";
				SWIFT_EMIT_LOC_STRINGS = NO;
				SWIFT_VERSION = 5.0;
				TARGETED_DEVICE_FAMILY = "1,2";
				TEST_HOST = "$(BUILT_PRODUCTS_DIR)/CICDDemo.app/CICDDemo";
			};
			name = Debug;
		};
		FE47D3A12940C82B00ACDD85 /* Release */ = {
			isa = XCBuildConfiguration;
			buildSettings = {
				ALWAYS_EMBED_SWIFT_STANDARD_LIBRARIES = YES;
				BUNDLE_LOADER = "$(TEST_HOST)";
				CODE_SIGN_STYLE = Automatic;
				CURRENT_PROJECT_VERSION = 1;
				DEVELOPMENT_TEAM = FG6KAZ6YHP;
				GENERATE_INFOPLIST_FILE = YES;
				IPHONEOS_DEPLOYMENT_TARGET = 15.2;
				MARKETING_VERSION = 1.0;
				PRODUCT_BUNDLE_IDENTIFIER = com.blueIon.ios.FirstCIDemoTests;
				PRODUCT_NAME = "$(TARGET_NAME)";
				SWIFT_EMIT_LOC_STRINGS = NO;
				SWIFT_VERSION = 5.0;
				TARGETED_DEVICE_FAMILY = "1,2";
				TEST_HOST = "$(BUILT_PRODUCTS_DIR)/CICDDemo.app/CICDDemo";
			};
			name = Release;
		};
		FE47D3A32940C82B00ACDD85 /* Debug */ = {
			isa = XCBuildConfiguration;
			buildSettings = {
				ALWAYS_EMBED_SWIFT_STANDARD_LIBRARIES = YES;
				CODE_SIGN_STYLE = Automatic;
				CURRENT_PROJECT_VERSION = 1;
				DEVELOPMENT_TEAM = FG6KAZ6YHP;
				GENERATE_INFOPLIST_FILE = YES;
				MARKETING_VERSION = 1.0;
				PRODUCT_BUNDLE_IDENTIFIER = com.blueIon.ios.FirstCIDemoUITests;
				PRODUCT_NAME = "$(TARGET_NAME)";
				SWIFT_EMIT_LOC_STRINGS = NO;
				SWIFT_VERSION = 5.0;
				TARGETED_DEVICE_FAMILY = "1,2";
				TEST_TARGET_NAME = FirstCIDemo;
			};
			name = Debug;
		};
		FE47D3A42940C82B00ACDD85 /* Release */ = {
			isa = XCBuildConfiguration;
			buildSettings = {
				ALWAYS_EMBED_SWIFT_STANDARD_LIBRARIES = YES;
				CODE_SIGN_STYLE = Automatic;
				CURRENT_PROJECT_VERSION = 1;
				DEVELOPMENT_TEAM = FG6KAZ6YHP;
				GENERATE_INFOPLIST_FILE = YES;
				MARKETING_VERSION = 1.0;
				PRODUCT_BUNDLE_IDENTIFIER = com.blueIon.ios.FirstCIDemoUITests;
				PRODUCT_NAME = "$(TARGET_NAME)";
				SWIFT_EMIT_LOC_STRINGS = NO;
				SWIFT_VERSION = 5.0;
				TARGETED_DEVICE_FAMILY = "1,2";
				TEST_TARGET_NAME = FirstCIDemo;
			};
			name = Release;
		};
/* End XCBuildConfiguration section */

/* Begin XCConfigurationList section */
		FE47D36D2940C82600ACDD85 /* Build configuration list for PBXProject "CICDDemo" */ = {
			isa = XCConfigurationList;
			buildConfigurations = (
				FE47D39A2940C82B00ACDD85 /* Debug */,
				FE47D39B2940C82B00ACDD85 /* Release */,
			);
			defaultConfigurationIsVisible = 0;
			defaultConfigurationName = Release;
		};
		FE47D39C2940C82B00ACDD85 /* Build configuration list for PBXNativeTarget "CICDDemo" */ = {
			isa = XCConfigurationList;
			buildConfigurations = (
				FE47D39D2940C82B00ACDD85 /* Debug */,
				FE47D39E2940C82B00ACDD85 /* Release */,
			);
			defaultConfigurationIsVisible = 0;
			defaultConfigurationName = Release;
		};
		FE47D39F2940C82B00ACDD85 /* Build configuration list for PBXNativeTarget "CICDDemoTests" */ = {
			isa = XCConfigurationList;
			buildConfigurations = (
				FE47D3A02940C82B00ACDD85 /* Debug */,
				FE47D3A12940C82B00ACDD85 /* Release */,
			);
			defaultConfigurationIsVisible = 0;
			defaultConfigurationName = Release;
		};
		FE47D3A22940C82B00ACDD85 /* Build configuration list for PBXNativeTarget "CICDDemoUITests" */ = {
			isa = XCConfigurationList;
			buildConfigurations = (
				FE47D3A32940C82B00ACDD85 /* Debug */,
				FE47D3A42940C82B00ACDD85 /* Release */,
			);
			defaultConfigurationIsVisible = 0;
			defaultConfigurationName = Release;
		};
/* End XCConfigurationList section */
	};
	rootObject = FE47D36A2940C82600ACDD85 /* Project object */;
}
